name: mlig_samap
channels:
  - conda-forge
  - bioconda
  - pytorch
  - defaults
dependencies:
  - _openmp_mutex=4.5=20_gnu
  - _python_abi3_support=1.0=hd8ed1ab_3
  - asttokens=3.0.2=pyhd8ed1ab_0
  - bzip2=1.0.8=hda65f42_10
  - ca-certificates=2026.7.22=hbd8a1cb_0
  - comm=0.2.3=pyhe01879c_0
  - cpython=3.12.14=py312hd8ed1ab_3
  - debugpy=1.8.22=py312h80505a6_0
  - executing=2.2.1=pyhd8ed1ab_0
  - icu=78.3=py310h44b86e0_2
  - ipykernel=7.4.0=pyh4a3486f_0
  - ipython=9.17.1=pyh53cf698_0
  - ipython_pygments_lexers=1.1.1=pyhd8ed1ab_0
  - jedi=0.20.0=pyhcf101f3_0
  - jupyter_client=8.10.0=pyhcf101f3_0
  - jupyter_core=5.9.1=pyhc90fa1f_0
  - keyutils=1.6.3=h7cc23a3_1
  - krb5=1.22.2=hbc21106_2
  - ld_impl_linux-64=2.46.1=default_hbd61a6d_102
  - libedit=3.1.20250104=pl5321h373387f_1
  - libexpat=2.8.5=hd2095e1_0
  - libffi=3.7.0=h81df57d_1
  - libgcc=16.2.0=ha9f2e26_7
  - libgomp=16.2.0=he0feb66_7
  - liblzma=5.8.3=hb03c661_1
  - libnsl=2.0.1=hb9d3cd8_1
  - libpython=3.12.14=h0c77377_3_cpython
  - libsodium=1.0.22=hebe6cf0_3
  - libsqlite=3.53.4=h13e7031_1
  - libstdcxx=16.2.0=h934c35e_7
  - libuuid=2.42.4=hcfc3c73_0
  - libxcrypt=4.4.38=h280c20c_0
  - libzlib=1.3.2=h25fd6f3_3
  - matplotlib-inline=0.2.2=pyhd8ed1ab_0
  - ncurses=6.6=hdb14827_1
  - nest-asyncio2=1.7.3=pyh5ded981_0
  - openssl=3.6.4=h781a0a9_0
  - packaging=26.3=pyhc364b38_0
  - parso=0.8.7=pyhcf101f3_0
  - pexpect=4.9.0=pyhd8ed1ab_1
  - pip=26.2.1=pyh8b19718_0
  - platformdirs=4.12.2=pyh5ded981_0
  - prompt-toolkit=3.0.53=pyha770c72_0
  - psutil=7.2.2=py312h1b36aeb_3
  - ptyprocess=0.7.0=pyhd8ed1ab_1
  - pure_eval=0.2.4=pyhd8ed1ab_0
  - pygments=2.21.0=pyhcf101f3_0
  - python=3.12.14=h5f976f7_3_cpython
  - python-abi3=3.12=he1d15d4_3
  - python-dateutil=2.9.0.post0=pyhe01879c_2
  - python-gil=3.12.14=hd8ed1ab_3
  - python_abi=3.12=9_cp312
  - pyzmq=27.2.0=py312h8a5ba0d_2
  - readline=8.3=hd6e31c0_1
  - setuptools=84.0.0=pyh332efcf_0
  - six=1.17.0=pyhe01879c_1
  - stack_data=0.6.3=pyhd8ed1ab_1
  - tk=8.6.13=noxft_h1df4ec4_4
  - tornado=6.5.10=py312h5cc1888_0
  - traitlets=5.16.1=pyhcf101f3_0
  - typing_extensions=4.16.0=pyhcf101f3_0
  - tzdata=2026c=h151e31d_0
  - wcwidth=0.9.1=py311hd139983_2
  - wheel=0.48.0=pyhd8ed1ab_0
  - zeromq=4.3.5=h901266b_12
  - zstd=1.5.7=hb78ec9c_7
  - pip:
      - anndata==0.13.4
      - annotated-types==0.8.0
      - array-api-compat==1.15.0
      - certifi==2026.7.22
      - cloudpickle==3.1.2
      - contourpy==1.4.0
      - cycler==0.12.1
      - dill==0.4.1
      - donfig==0.8.1.post1
      - fast-array-utils==1.5.1
      - fonttools==4.66.1
      - formulaic==1.2.2
      - google-crc32c==1.9.0
      - h5py==3.16.0
      - hnswlib==0.8.0
      - igraph==1.0.0
      - interface-meta==2.0.1
      - joblib==1.6.0
      - kiwisolver==1.5.1
      - legacy-api-wrap==1.5
      - leidenalg==0.12.0
      - llvmlite==0.50.0
      - matplotlib==3.11.2
      - msgspec==0.22.0
      - narwhals==2.26.0
      - natsort==8.4.0
      - networkx==3.7
      - numba==0.68.0
      - numcodecs==0.17.0
      - numpy==2.5.3
      - pandas==3.0.6
      - patsy==1.0.3
      - pillow==12.3.0
      - plotly==7.1.0
      - pydantic==2.13.5
      - pydantic-core==2.46.5
      - pydantic-settings==2.15.0
      - pynndescent==0.6.0
      - pyparsing==3.3.3
      - python-dotenv==1.2.4
      - pyyaml==6.0.3
      - samap-extension==0.1.1
      - sc-samap==3.0.1
      - scanpy==1.12.4
      - scikit-learn==1.9.1
      - scipy==1.18.1
      - scverse-misc==0.1.6
      - seaborn==0.13.2
      - session-info2==0.4.2
      - statsmodels==0.15.0
      - texttable==1.7.0
      - threadpoolctl==3.7.0
      - tqdm==4.70.1
      - typing-inspection==0.4.4
      - umap-learn==0.5.12
      - wrapt==2.5.0
      - zarr==3.4.0
